
Microsoft Visual Studio Solution File, Format Version 12.00
# Visual Studio Version 16
VisualStudioVersion = 16.0.33214.272
MinimumVisualStudioVersion = 10.0.40219.1
Project("{FAE04EC0-301F-11D3-BF4B-00C04F79EFBC}") = "Practicum9_1_12", "Practicum9_1_12\Practicum9_1_12.csproj", "{C4E22B8A-CF0A-4846-89A3-DDA714C638F1}"
EndProject
Global
	GlobalSection(SolutionConfigurationPlatforms) = preSolution
		Debug|Any CPU = Debug|Any CPU
		Release|Any CPU = Release|Any CPU
	EndGlobalSection
	GlobalSection(ProjectConfigurationPlatforms) = postSolution
		{C4E22B8A-CF0A-4846-89A3-DDA714C638F1}.Debug|Any CPU.ActiveCfg = Debug|Any CPU
		{C4E22B8A-CF0A-4846-89A3-DDA714C638F1}.Debug|Any CPU.Build.0 = Debug|Any CPU
		{C4E22B8A-CF0A-4846-89A3-DDA714C638F1}.Release|Any CPU.ActiveCfg = Release|Any CPU
		{C4E22B8A-CF0A-4846-89A3-DDA714C638F1}.Release|Any CPU.Build.0 = Release|Any CPU
	EndGlobalSection
	GlobalSection(SolutionProperties) = preSolution
		HideSolutionNode = FALSE
	EndGlobalSection
	GlobalSection(ExtensibilityGlobals) = postSolution
		SolutionGuid = {89EE921E-F5FE-451B-8C53-B19392280A57}
	EndGlobalSection
EndGlobal
